
Microsoft Visual Studio Solution File, Format Version 12.00
# Visual Studio Version 17
VisualStudioVersion = 17.12.35728.132 d17.12
MinimumVisualStudioVersion = 10.0.40219.1
Project("{9092AA53-FB77-4645-B42D-1CCCA6BD08BD}") = "TaskManagement.API", "TaskManagement.API\TaskManagement.API.njsproj", "{C97C582F-5F18-47AC-BB87-693BFA5C6B40}"
EndProject
Project("{54A90642-561A-4BB1-A94E-469ADEE60C69}") = "taskmanagement.client", "TaskManagement.Client\taskmanagement.client.esproj", "{821857A0-A352-4AD3-9370-10D8F678E24A}"
EndProject
Global
	GlobalSection(SolutionConfigurationPlatforms) = preSolution
		Debug|Any CPU = Debug|Any CPU
		Release|Any CPU = Release|Any CPU
	EndGlobalSection
	GlobalSection(ProjectConfigurationPlatforms) = postSolution
		{C97C582F-5F18-47AC-BB87-693BFA5C6B40}.Debug|Any CPU.ActiveCfg = Debug|Any CPU
		{C97C582F-5F18-47AC-BB87-693BFA5C6B40}.Debug|Any CPU.Build.0 = Debug|Any CPU
		{C97C582F-5F18-47AC-BB87-693BFA5C6B40}.Release|Any CPU.ActiveCfg = Release|Any CPU
		{C97C582F-5F18-47AC-BB87-693BFA5C6B40}.Release|Any CPU.Build.0 = Release|Any CPU
		{821857A0-A352-4AD3-9370-10D8F678E24A}.Debug|Any CPU.ActiveCfg = Debug|Any CPU
		{821857A0-A352-4AD3-9370-10D8F678E24A}.Debug|Any CPU.Build.0 = Debug|Any CPU
		{821857A0-A352-4AD3-9370-10D8F678E24A}.Debug|Any CPU.Deploy.0 = Debug|Any CPU
		{821857A0-A352-4AD3-9370-10D8F678E24A}.Release|Any CPU.ActiveCfg = Release|Any CPU
		{821857A0-A352-4AD3-9370-10D8F678E24A}.Release|Any CPU.Build.0 = Release|Any CPU
		{821857A0-A352-4AD3-9370-10D8F678E24A}.Release|Any CPU.Deploy.0 = Release|Any CPU
	EndGlobalSection
	GlobalSection(SolutionProperties) = preSolution
		HideSolutionNode = FALSE
	EndGlobalSection
EndGlobal
